
Microsoft Visual Studio Solution File, Format Version 12.00
# Visual Studio 14
VisualStudioVersion = 14.0.25420.1
MinimumVisualStudioVersion = 10.0.40219.1
Project("{FAE04EC0-301F-11D3-BF4B-00C04F79EFBC}") = "DBHelper", "DBHelper\DBHelper.csproj", "{B131459D-CED9-47EF-95BB-FA1501822CC4}"
EndProject
Project("{FAE04EC0-301F-11D3-BF4B-00C04F79EFBC}") = "WebbApp", "WebbApp\WebbApp.csproj", "{8FB70315-350F-44BD-BF52-06C30D9AB217}"
EndProject
Global
	GlobalSection(SolutionConfigurationPlatforms) = preSolution
		Debug|Any CPU = Debug|Any CPU
		Release|Any CPU = Release|Any CPU
	EndGlobalSection
	GlobalSection(ProjectConfigurationPlatforms) = postSolution
		{B131459D-CED9-47EF-95BB-FA1501822CC4}.Debug|Any CPU.ActiveCfg = Debug|Any CPU
		{B131459D-CED9-47EF-95BB-FA1501822CC4}.Debug|Any CPU.Build.0 = Debug|Any CPU
		{B131459D-CED9-47EF-95BB-FA1501822CC4}.Release|Any CPU.ActiveCfg = Release|Any CPU
		{B131459D-CED9-47EF-95BB-FA1501822CC4}.Release|Any CPU.Build.0 = Release|Any CPU
		{8FB70315-350F-44BD-BF52-06C30D9AB217}.Debug|Any CPU.ActiveCfg = Debug|Any CPU
		{8FB70315-350F-44BD-BF52-06C30D9AB217}.Debug|Any CPU.Build.0 = Debug|Any CPU
		{8FB70315-350F-44BD-BF52-06C30D9AB217}.Release|Any CPU.ActiveCfg = Release|Any CPU
		{8FB70315-350F-44BD-BF52-06C30D9AB217}.Release|Any CPU.Build.0 = Release|Any CPU
	EndGlobalSection
	GlobalSection(SolutionProperties) = preSolution
		HideSolutionNode = FALSE
	EndGlobalSection
EndGlobal
